
Microsoft Visual Studio Solution File, Format Version 12.00
# Visual Studio 15
Project("{FAE04EC0-301F-11D3-BF4B-00C04F79EFBC}") = "Barkeeper2", "Barkeeper2.csproj", "{0E6AB913-6331-4C40-A0F2-EC0723D95BC3}"
EndProject
Global
	GlobalSection(SolutionConfigurationPlatforms) = preSolution
		Debug|Any CPU = Debug|Any CPU
		Release|Any CPU = Release|Any CPU
	EndGlobalSection
	GlobalSection(ProjectConfigurationPlatforms) = postSolution
		{0E6AB913-6331-4C40-A0F2-EC0723D95BC3}.Debug|Any CPU.ActiveCfg = Debug|Any CPU
		{0E6AB913-6331-4C40-A0F2-EC0723D95BC3}.Debug|Any CPU.Build.0 = Debug|Any CPU
		{0E6AB913-6331-4C40-A0F2-EC0723D95BC3}.Release|Any CPU.ActiveCfg = Release|Any CPU
		{0E6AB913-6331-4C40-A0F2-EC0723D95BC3}.Release|Any CPU.Build.0 = Release|Any CPU
	EndGlobalSection
EndGlobal
